
Microsoft Visual Studio Solution File, Format Version 12.00
Project("{FAE04EC0-301F-11D3-BF4B-00C04F79EFBC}") = "NBM", "NBM\NBM.csproj", "{92D7E5B7-1626-4F56-BDC8-DC6BF6200026}"
EndProject
Global
	GlobalSection(SolutionConfigurationPlatforms) = preSolution
		Debug|Any CPU = Debug|Any CPU
		Release|Any CPU = Release|Any CPU
	EndGlobalSection
	GlobalSection(ProjectConfigurationPlatforms) = postSolution
		{92D7E5B7-1626-4F56-BDC8-DC6BF6200026}.Debug|Any CPU.ActiveCfg = Debug|Any CPU
		{92D7E5B7-1626-4F56-BDC8-DC6BF6200026}.Debug|Any CPU.Build.0 = Debug|Any CPU
		{92D7E5B7-1626-4F56-BDC8-DC6BF6200026}.Release|Any CPU.ActiveCfg = Release|Any CPU
		{92D7E5B7-1626-4F56-BDC8-DC6BF6200026}.Release|Any CPU.Build.0 = Release|Any CPU
	EndGlobalSection
EndGlobal
